apiVersion: vendir.k14s.io/v1alpha1
directories:
- contents:
  - git:
      commitTitle: Add new flags insecure and remoteAuthEnabled (#3152)...
      sha: 0fa3055c5cddf67f8c23edea420575cb4eb7d5d8
      tags:
      - v0.10.0-120-g0fa3055c
    path: .
  path: ytt/vendir/vsphere_cpi/_ytt_lib
- contents:
  - git:
      commitTitle: Fix Antrea 1.5.3 parameters (#4966)
      sha: f0774ead4e7f39dcb83e82444dd7f046d42b2dd6
      tags:
      - v0.13.0-dev.2-139-gf0774ead
    path: .
  path: ytt/vendir/cni/_ytt_lib
- contents:
  - git:
      commitTitle: add kapp-controller 0.38.4 (#4988)...
      sha: 93347cfd85455c47fc7670d16abe652e1209dab9
      tags:
      - v0.13.0-dev.2-152-g93347cfd
    path: .
  path: ytt/vendir/kapp-controller/_ytt_lib
- contents:
  - githubRelease:
      tag: v1.2.1
      url: https://api.github.com/repos/kubernetes-sigs/cluster-api/releases/74315839
    path: .
  path: upstream/cluster-api
- contents:
  - githubRelease:
      tag: v1.5.0
      url: https://api.github.com/repos/kubernetes-sigs/cluster-api-provider-aws/releases/73918400
    path: .
  path: upstream/cluster-api-provider-aws
- contents:
  - githubRelease:
      tag: v1.4.1
      url: https://api.github.com/repos/kubernetes-sigs/cluster-api-provider-azure/releases/74249192
    path: .
  path: upstream/cluster-api-provider-azure
- contents:
  - githubRelease:
      tag: v1.3.1
      url: https://api.github.com/repos/kubernetes-sigs/cluster-api-provider-vsphere/releases/71837519
    path: .
  path: upstream/cluster-api-provider-vsphere
- contents:
  - githubRelease:
      tag: v0.4.0
      url: https://api.github.com/repos/oracle/cluster-api-provider-oci/releases/72748172
    path: .
  path: upstream/cluster-api-provider-oracle
kind: LockConfig
